
Microsoft Visual Studio Solution File, Format Version 12.00
# Visual Studio Version 16
VisualStudioVersion = 16.0.29709.97
MinimumVisualStudioVersion = 10.0.40219.1
Project("{FAE04EC0-301F-11D3-BF4B-00C04F79EFBC}") = "Dot.LogStash", "Dot.LogStash\Dot.LogStash.csproj", "{B5AF7BCA-4AE1-4EBD-8A7E-059A09A9D7AE}"
EndProject
Global
	GlobalSection(SolutionConfigurationPlatforms) = preSolution
		Debug|Any CPU = Debug|Any CPU
		Release|Any CPU = Release|Any CPU
	EndGlobalSection
	GlobalSection(ProjectConfigurationPlatforms) = postSolution
		{B5AF7BCA-4AE1-4EBD-8A7E-059A09A9D7AE}.Debug|Any CPU.ActiveCfg = Debug|Any CPU
		{B5AF7BCA-4AE1-4EBD-8A7E-059A09A9D7AE}.Debug|Any CPU.Build.0 = Debug|Any CPU
		{B5AF7BCA-4AE1-4EBD-8A7E-059A09A9D7AE}.Release|Any CPU.ActiveCfg = Release|Any CPU
		{B5AF7BCA-4AE1-4EBD-8A7E-059A09A9D7AE}.Release|Any CPU.Build.0 = Release|Any CPU
	EndGlobalSection
	GlobalSection(SolutionProperties) = preSolution
		HideSolutionNode = FALSE
	EndGlobalSection
	GlobalSection(ExtensibilityGlobals) = postSolution
		SolutionGuid = {B3519FB9-3969-45ED-999A-F6175DA29D39}
	EndGlobalSection
EndGlobal
